// !$*UTF8*$!
{
	archiveVersion = 1;
	classes = {
	};
	objectVersion = 48;
	objects = {

/* Begin PBXBuildFile section */
		97F17AB620557D5B00FA9102 /* AppDelegate.swift in Sources */ = {isa = PBXBuildFile; fileRef = 97F17AB520557D5A00FA9102 /* AppDelegate.swift */; };
		97F17AB820557D5B00FA9102 /* ViewController.swift in Sources */ = {isa = PBXBuildFile; fileRef = 97F17AB720557D5B00FA9102 /* ViewController.swift */; };
		97F17ABB20557D5B00FA9102 /* Main.storyboard in Resources */ = {isa = PBXBuildFile; fileRef = 97F17AB920557D5B00FA9102 /* Main.storyboard */; };
		97F17ABD20557D5B00FA9102 /* Assets.xcassets in Resources */ = {isa = PBXBuildFile; fileRef = 97F17ABC20557D5B00FA9102 /* Assets.xcassets */; };
		97F17AC020557D5B00FA9102 /* LaunchScreen.storyboard in Resources */ = {isa = PBXBuildFile; fileRef = 97F17ABE20557D5B00FA9102 /* LaunchScreen.storyboard */; };
/* End PBXBuildFile section */

/* Begin PBXFileReference section */
		97F17AB220557D5A00FA9102 /* WorkPlanning.app */ = {isa = PBXFileReference; explicitFileType = wrapper.application; includeInIndex = 0; path = WorkPlanning.app; sourceTree = BUILT_PRODUCTS_DIR; };
		97F17AB520557D5A00FA9102 /* AppDelegate.swift */ = {isa = PBXFileReference; lastKnownFileType = sourcecode.swift; path = AppDelegate.swift; sourceTree = "<group>"; };
		97F17AB720557D5B00FA9102 /* ViewController.swift */ = {isa = PBXFileReference; lastKnownFileType = sourcecode.swift; path = ViewController.swift; sourceTree = "<group>"; };
		97F17ABA20557D5B00FA9102 /* Base */ = {isa = PBXFileReference; lastKnownFileType = file.storyboard; name = Base; path = Base.lproj/Main.storyboard; sourceTree = "<group>"; };
		97F17ABC20557D5B00FA9102 /* Assets.xcassets */ = {isa = PBXFileReference; lastKnownFileType = folder.assetcatalog; path = Assets.xcassets; sourceTree = "<group>"; };
		97F17ABF20557D5B00FA9102 /* Base */ = {isa = PBXFileReference; lastKnownFileType = file.storyboard; name = Base; path = Base.lproj/LaunchScreen.storyboard; sourceTree = "<group>"; };
		97F17AC120557D5B00FA9102 /* Info.plist */ = {isa = PBXFileReference; lastKnownFileType = text.plist.xml; path = Info.plist; sourceTree = "<group>"; };
/* End PBXFileReference section */

/* Begin PBXFrameworksBuildPhase section */
		97F17AAF20557D5A00FA9102 /* Frameworks */ = {
			isa = PBXFrameworksBuildPhase;
			buildActionMask = 2147483647;
			files = (
			);
			runOnlyForDeploymentPostprocessing = 0;
		};
/* End PBXFrameworksBuildPhase section */

/* Begin PBXGroup section */
		97F17AA920557D5A00FA9102 = {
			isa = PBXGroup;
			children = (
				97F17AB420557D5A00FA9102 /* WorkPlanning */,
				97F17AB320557D5A00FA9102 /* Products */,
			);
			sourceTree = "<group>";
		};
		97F17AB320557D5A00FA9102 /* Products */ = {
			isa = PBXGroup;
			children = (
				97F17AB220557D5A00FA9102 /* WorkPlanning.app */,
			);
			name = Products;
			sourceTree = "<group>";
		};
		97F17AB420557D5A00FA9102 /* WorkPlanning */ = {
			isa = PBXGroup;
			children = (
				97F17AB520557D5A00FA9102 /* AppDelegate.swift */,
				97F17AB720557D5B00FA9102 /* ViewController.swift */,
				97F17AB920557D5B00FA9102 /* Main.storyboard */,
				97F17ABC20557D5B00FA9102 /* Assets.xcassets */,
				97F17ABE20557D5B00FA9102 /* LaunchScreen.storyboard */,
				97F17AC120557D5B00FA9102 /* Info.plist */,
			);
			path = WorkPlanning;
			sourceTree = "<group>";
		};
/* End PBXGroup section */

/* Begin PBXNativeTarget section */
		97F17AB120557D5A00FA9102 /* WorkPlanning */ = {
			isa = PBXNativeTarget;
			buildConfigurationList = 97F17AC420557D5B00FA9102 /* Build configuration list for PBXNativeTarget "WorkPlanning" */;
			buildPhases = (
				97F17AAE20557D5A00FA9102 /* Sources */,
				97F17AAF20557D5A00FA9102 /* Frameworks */,
				97F17AB020557D5A00FA9102 /* Resources */,
			);
			buildRules = (
			);
			dependencies = (
			);
			name = WorkPlanning;
			productName = WorkPlanning;
			productReference = 97F17AB220557D5A00FA9102 /* WorkPlanning.app */;
			productType = "com.apple.product-type.application";
		};
/* End PBXNativeTarget section */

/* Begin PBXProject section */
		97F17AAA20557D5A00FA9102 /* Project object */ = {
			isa = PBXProject;
			attributes = {
				LastSwiftUpdateCheck = 0920;
				LastUpgradeCheck = 0920;
				ORGANIZATIONNAME = "Tommy Öman";
				TargetAttributes = {
					97F17AB120557D5A00FA9102 = {
						CreatedOnToolsVersion = 9.2;
						ProvisioningStyle = Automatic;
					};
				};
			};
			buildConfigurationList = 97F17AAD20557D5A00FA9102 /* Build configuration list for PBXProject "WorkPlanning" */;
			compatibilityVersion = "Xcode 8.0";
			developmentRegion = en;
			hasScannedForEncodings = 0;
			knownRegions = (
				en,
				Base,
			);
			mainGroup = 97F17AA920557D5A00FA9102;
			productRefGroup = 97F17AB320557D5A00FA9102 /* Products */;
			projectDirPath = "";
			projectRoot = "";
			targets = (
				97F17AB120557D5A00FA9102 /* WorkPlanning */,
			);
		};
/* End PBXProject section */

/* Begin PBXResourcesBuildPhase section */
		97F17AB020557D5A00FA9102 /* Resources */ = {
			isa = PBXResourcesBuildPhase;
			buildActionMask = 2147483647;
			files = (
				97F17AC020557D5B00FA9102 /* LaunchScreen.storyboard in Resources */,
				97F17ABD20557D5B00FA9102 /* Assets.xcassets in Resources */,
				97F17ABB20557D5B00FA9102 /* Main.storyboard in Resources */,
			);
			runOnlyForDeploymentPostprocessing = 0;
		};
/* End PBXResourcesBuildPhase section */

/* Begin PBXSourcesBuildPhase section */
		97F17AAE20557D5A00FA9102 /* Sources */ = {
			isa = PBXSourcesBuildPhase;
			buildActionMask = 2147483647;
			files = (
				97F17AB820557D5B00FA9102 /* ViewController.swift in Sources */,
				97F17AB620557D5B00FA9102 /* AppDelegate.swift in Sources */,
			);
			runOnlyForDeploymentPostprocessing = 0;
		};
/* End PBXSourcesBuildPhase section */

/* Begin PBXVariantGroup section */
		97F17AB920557D5B00FA9102 /* Main.storyboard */ = {
			isa = PBXVariantGroup;
			children = (
				97F17ABA20557D5B00FA9102 /* Base */,
			);
			name = Main.storyboard;
			sourceTree = "<group>";
		};
		97F17ABE20557D5B00FA9102 /* LaunchScreen.storyboard */ = {
			isa = PBXVariantGroup;
			children = (
				97F17ABF20557D5B00FA9102 /* Base */,
			);
			name = LaunchScreen.storyboard;
			sourceTree = "<group>";
		};
/* End PBXVariantGroup section */

/* Begin XCBuildConfiguration section */
		97F17AC220557D5B00FA9102 /* Debug */ = {
			isa = XCBuildConfiguration;
			buildSettings = {
				ALWAYS_SEARCH_USER_PATHS = NO;
				CLANG_ANALYZER_NONNULL = YES;
				CLANG_ANALYZER_NUMBER_OBJECT_CONVERSION = YES_AGGRESSIVE;
				CLANG_CXX_LANGUAGE_STANDARD = "gnu++14";
				CLANG_CXX_LIBRARY = "libc++";
				CLANG_ENABLE_MODULES = YES;
				CLANG_ENABLE_OBJC_ARC = YES;
				CLANG_WARN_BLOCK_CAPTURE_AUTORELEASING = YES;
				CLANG_WARN_BOOL_CONVERSION = YES;
				CLANG_WARN_COMMA = YES;
				CLANG_WARN_CONSTANT_CONVERSION = YES;
				CLANG_WARN_DIRECT_OBJC_ISA_USAGE = YES_ERROR;
				CLANG_WARN_DOCUMENTATION_COMMENTS = YES;
				CLANG_WARN_EMPTY_BODY = YES;
				CLANG_WARN_ENUM_CONVERSION = YES;
				CLANG_WARN_INFINITE_RECURSION = YES;
				CLANG_WARN_INT_CONVERSION = YES;
				CLANG_WARN_NON_LITERAL_NULL_CONVERSION = YES;
				CLANG_WARN_OBJC_LITERAL_CONVERSION = YES;
				CLANG_WARN_OBJC_ROOT_CLASS = YES_ERROR;
				CLANG_WARN_RANGE_LOOP_ANALYSIS = YES;
				CLANG_WARN_STRICT_PROTOTYPES = YES;
				CLANG_WARN_SUSPICIOUS_MOVE = YES;
				CLANG_WARN_UNGUARDED_AVAILABILITY = YES_AGGRESSIVE;
				CLANG_WARN_UNREACHABLE_CODE = YES;
				CLANG_WARN__DUPLICATE_METHOD_MATCH = YES;
				CODE_SIGN_IDENTITY = "iPhone Developer";
				COPY_PHASE_STRIP = NO;
				DEBUG_INFORMATION_FORMAT = dwarf;
				ENABLE_STRICT_OBJC_MSGSEND = YES;
				ENABLE_TESTABILITY = YES;
				GCC_C_LANGUAGE_STANDARD = gnu11;
				GCC_DYNAMIC_NO_PIC = NO;
				GCC_NO_COMMON_BLOCKS = YES;
				GCC_OPTIMIZATION_LEVEL = 0;
				GCC_PREPROCESSOR_DEFINITIONS = (
					"DEBUG=1",
					"$(inherited)",
				);
				GCC_WARN_64_TO_32_BIT_CONVERSION = YES;
				GCC_WARN_ABOUT_RETURN_TYPE = YES_ERROR;
				GCC_WARN_UNDECLARED_SELECTOR = YES;
				GCC_WARN_UNINITIALIZED_AUTOS = YES_AGGRESSIVE;
				GCC_WARN_UNUSED_FUNCTION = YES;
				GCC_WARN_UNUSED_VARIABLE = YES;
				IPHONEOS_DEPLOYMENT_TARGET = 11.2;
				MTL_ENABLE_DEBUG_INFO = YES;
				ONLY_ACTIVE_ARCH = YES;
				SDKROOT = iphoneos;
				SWIFT_ACTIVE_COMPILATION_CONDITIONS = DEBUG;
				SWIFT_OPTIMIZATION_LEVEL = "-Onone";
			};
			name = Debug;
		};
		97F17AC320557D5B00FA9102 /* Release */ = {
			isa = XCBuildConfiguration;
			buildSettings = {
				ALWAYS_SEARCH_USER_PATHS = NO;
				CLANG_ANALYZER_NONNULL = YES;
				CLANG_ANALYZER_NUMBER_OBJECT_CONVERSION = YES_AGGRESSIVE;
				CLANG_CXX_LANGUAGE_STANDARD = "gnu++14";
				CLANG_CXX_LIBRARY = "libc++";
				CLANG_ENABLE_MODULES = YES;
				CLANG_ENABLE_OBJC_ARC = YES;
				CLANG_WARN_BLOCK_CAPTURE_AUTORELEASING = YES;
				CLANG_WARN_BOOL_CONVERSION = YES;
				CLANG_WARN_COMMA = YES;
				CLANG_WARN_CONSTANT_CONVERSION = YES;
				CLANG_WARN_DIRECT_OBJC_ISA_USAGE = YES_ERROR;
				CLANG_WARN_DOCUMENTATION_COMMENTS = YES;
				CLANG_WARN_EMPTY_BODY = YES;
				CLANG_WARN_ENUM_CONVERSION = YES;
				CLANG_WARN_INFINITE_RECURSION = YES;
				CLANG_WARN_INT_CONVERSION = YES;
				CLANG_WARN_NON_LITERAL_NULL_CONVERSION = YES;
				CLANG_WARN_OBJC_LITERAL_CONVERSION = YES;
				CLANG_WARN_OBJC_ROOT_CLASS = YES_ERROR;
				CLANG_WARN_RANGE_LOOP_ANALYSIS = YES;
				CLANG_WARN_STRICT_PROTOTYPES = YES;
				CLANG_WARN_SUSPICIOUS_MOVE = YES;
				CLANG_WARN_UNGUARDED_AVAILABILITY = YES_AGGRESSIVE;
				CLANG_WARN_UNREACHABLE_CODE = YES;
				CLANG_WARN__DUPLICATE_METHOD_MATCH = YES;
				CODE_SIGN_IDENTITY = "iPhone Developer";
				COPY_PHASE_STRIP = NO;
				DEBUG_INFORMATION_FORMAT = "dwarf-with-dsym";
				ENABLE_NS_ASSERTIONS = NO;
				ENABLE_STRICT_OBJC_MSGSEND = YES;
				GCC_C_LANGUAGE_STANDARD = gnu11;
				GCC_NO_COMMON_BLOCKS = YES;
				GCC_WARN_64_TO_32_BIT_CONVERSION = YES;
				GCC_WARN_ABOUT_RETURN_TYPE = YES_ERROR;
				GCC_WARN_UNDECLARED_SELECTOR = YES;
				GCC_WARN_UNINITIALIZED_AUTOS = YES_AGGRESSIVE;
				GCC_WARN_UNUSED_FUNCTION = YES;
				GCC_WARN_UNUSED_VARIABLE = YES;
				IPHONEOS_DEPLOYMENT_TARGET = 11.2;
				MTL_ENABLE_DEBUG_INFO = NO;
				SDKROOT = iphoneos;
				SWIFT_OPTIMIZATION_LEVEL = "-Owholemodule";
				VALIDATE_PRODUCT = YES;
			};
			name = Release;
		};
		97F17AC520557D5B00FA9102 /* Debug */ = {
			isa = XCBuildConfiguration;
			buildSettings = {
				ASSETCATALOG_COMPILER_APPICON_NAME = AppIcon;
				CODE_SIGN_STYLE = Automatic;
				DEVELOPMENT_TEAM = 58943W2J73;
				INFOPLIST_FILE = WorkPlanning/Info.plist;
				LD_RUNPATH_SEARCH_PATHS = "$(inherited) @executable_path/Frameworks";
				PRODUCT_BUNDLE_IDENTIFIER = me.tfoman.WorkPlanning;
				PRODUCT_NAME = "$(TARGET_NAME)";
				SWIFT_VERSION = 4.0;
				TARGETED_DEVICE_FAMILY = "1,2";
			};
			name = Debug;
		};
		97F17AC620557D5B00FA9102 /* Release */ = {
			isa = XCBuildConfiguration;
			buildSettings = {
				ASSETCATALOG_COMPILER_APPICON_NAME = AppIcon;
				CODE_SIGN_STYLE = Automatic;
				DEVELOPMENT_TEAM = 58943W2J73;
				INFOPLIST_FILE = WorkPlanning/Info.plist;
				LD_RUNPATH_SEARCH_PATHS = "$(inherited) @executable_path/Frameworks";
				PRODUCT_BUNDLE_IDENTIFIER = me.tfoman.WorkPlanning;
				PRODUCT_NAME = "$(TARGET_NAME)";
				SWIFT_VERSION = 4.0;
				TARGETED_DEVICE_FAMILY = "1,2";
			};
			name = Release;
		};
/* End XCBuildConfiguration section */

/* Begin XCConfigurationList section */
		97F17AAD20557D5A00FA9102 /* Build configuration list for PBXProject "WorkPlanning" */ = {
			isa = XCConfigurationList;
			buildConfigurations = (
				97F17AC220557D5B00FA9102 /* Debug */,
				97F17AC320557D5B00FA9102 /* Release */,
			);
			defaultConfigurationIsVisible = 0;
			defaultConfigurationName = Release;
		};
		97F17AC420557D5B00FA9102 /* Build configuration list for PBXNativeTarget "WorkPlanning" */ = {
			isa = XCConfigurationList;
			buildConfigurations = (
				97F17AC520557D5B00FA9102 /* Debug */,
				97F17AC620557D5B00FA9102 /* Release */,
			);
			defaultConfigurationIsVisible = 0;
			defaultConfigurationName = Release;
		};
/* End XCConfigurationList section */
	};
	rootObject = 97F17AAA20557D5A00FA9102 /* Project object */;
}
